
Microsoft Visual Studio Solution File, Format Version 12.00
# Visual Studio Version 16
VisualStudioVersion = 16.0.31005.135
MinimumVisualStudioVersion = 10.0.40219.1
Project("{9A19103F-16F7-4668-BE54-9A1E7A4F7556}") = "BlazorApp1.Server", "BlazorApp1\Server\BlazorApp1.Server.csproj", "{33B65CA5-44B5-4F6F-8FE7-F3999B557427}"
EndProject
Project("{9A19103F-16F7-4668-BE54-9A1E7A4F7556}") = "BlazorApp1.Client", "BlazorApp1\Client\BlazorApp1.Client.csproj", "{026A0FC5-69C6-4080-B08B-565D874F8739}"
EndProject
Project("{9A19103F-16F7-4668-BE54-9A1E7A4F7556}") = "BlazorApp1.Shared", "BlazorApp1\Shared\BlazorApp1.Shared.csproj", "{D56212B2-204C-4099-89B9-8AD546B98B67}"
EndProject
Project("{9A19103F-16F7-4668-BE54-9A1E7A4F7556}") = "BlazorApp1.FakeDAL2", "BlazorApp1.FakeDAL2\BlazorApp1.FakeDAL2.csproj", "{256F6412-B600-41E2-961C-F43C69C256DF}"
EndProject
Global
	GlobalSection(SolutionConfigurationPlatforms) = preSolution
		Debug|Any CPU = Debug|Any CPU
		Release|Any CPU = Release|Any CPU
	EndGlobalSection
	GlobalSection(ProjectConfigurationPlatforms) = postSolution
		{33B65CA5-44B5-4F6F-8FE7-F3999B557427}.Debug|Any CPU.ActiveCfg = Debug|Any CPU
		{33B65CA5-44B5-4F6F-8FE7-F3999B557427}.Debug|Any CPU.Build.0 = Debug|Any CPU
		{33B65CA5-44B5-4F6F-8FE7-F3999B557427}.Release|Any CPU.ActiveCfg = Release|Any CPU
		{33B65CA5-44B5-4F6F-8FE7-F3999B557427}.Release|Any CPU.Build.0 = Release|Any CPU
		{026A0FC5-69C6-4080-B08B-565D874F8739}.Debug|Any CPU.ActiveCfg = Debug|Any CPU
		{026A0FC5-69C6-4080-B08B-565D874F8739}.Debug|Any CPU.Build.0 = Debug|Any CPU
		{026A0FC5-69C6-4080-B08B-565D874F8739}.Release|Any CPU.ActiveCfg = Release|Any CPU
		{026A0FC5-69C6-4080-B08B-565D874F8739}.Release|Any CPU.Build.0 = Release|Any CPU
		{D56212B2-204C-4099-89B9-8AD546B98B67}.Debug|Any CPU.ActiveCfg = Debug|Any CPU
		{D56212B2-204C-4099-89B9-8AD546B98B67}.Debug|Any CPU.Build.0 = Debug|Any CPU
		{D56212B2-204C-4099-89B9-8AD546B98B67}.Release|Any CPU.ActiveCfg = Release|Any CPU
		{D56212B2-204C-4099-89B9-8AD546B98B67}.Release|Any CPU.Build.0 = Release|Any CPU
		{256F6412-B600-41E2-961C-F43C69C256DF}.Debug|Any CPU.ActiveCfg = Debug|Any CPU
		{256F6412-B600-41E2-961C-F43C69C256DF}.Debug|Any CPU.Build.0 = Debug|Any CPU
		{256F6412-B600-41E2-961C-F43C69C256DF}.Release|Any CPU.ActiveCfg = Release|Any CPU
		{256F6412-B600-41E2-961C-F43C69C256DF}.Release|Any CPU.Build.0 = Release|Any CPU
	EndGlobalSection
	GlobalSection(SolutionProperties) = preSolution
		HideSolutionNode = FALSE
	EndGlobalSection
	GlobalSection(ExtensibilityGlobals) = postSolution
		SolutionGuid = {2FA47997-EF7B-4D9A-99AD-DCF68744D951}
	EndGlobalSection
EndGlobal
